
Microsoft Visual Studio Solution File, Format Version 12.00
# Visual Studio Version 17
VisualStudioVersion = 17.4.33110.190
MinimumVisualStudioVersion = 10.0.40219.1
Project("{FAE04EC0-301F-11D3-BF4B-00C04F79EFBC}") = "While0001", "While0001.csproj", "{BE7D2C78-21D6-4648-8436-8E59F2E17139}"
EndProject
Global
	GlobalSection(SolutionConfigurationPlatforms) = preSolution
		Debug|Any CPU = Debug|Any CPU
		Release|Any CPU = Release|Any CPU
	EndGlobalSection
	GlobalSection(ProjectConfigurationPlatforms) = postSolution
		{BE7D2C78-21D6-4648-8436-8E59F2E17139}.Debug|Any CPU.ActiveCfg = Debug|Any CPU
		{BE7D2C78-21D6-4648-8436-8E59F2E17139}.Debug|Any CPU.Build.0 = Debug|Any CPU
		{BE7D2C78-21D6-4648-8436-8E59F2E17139}.Release|Any CPU.ActiveCfg = Release|Any CPU
		{BE7D2C78-21D6-4648-8436-8E59F2E17139}.Release|Any CPU.Build.0 = Release|Any CPU
	EndGlobalSection
	GlobalSection(SolutionProperties) = preSolution
		HideSolutionNode = FALSE
	EndGlobalSection
	GlobalSection(ExtensibilityGlobals) = postSolution
		SolutionGuid = {D0657F18-C145-4E2D-8E8C-66A57A36400A}
	EndGlobalSection
EndGlobal
