
Microsoft Visual Studio Solution File, Format Version 12.00
# Visual Studio Version 17
VisualStudioVersion = 17.4.33110.190
MinimumVisualStudioVersion = 10.0.40219.1
Project("{FAE04EC0-301F-11D3-BF4B-00C04F79EFBC}") = "CalcularMedia0001", "CalcularMedia0001.csproj", "{D5170D1C-026C-4A24-B14B-A0A76194CDD2}"
EndProject
Global
	GlobalSection(SolutionConfigurationPlatforms) = preSolution
		Debug|Any CPU = Debug|Any CPU
		Release|Any CPU = Release|Any CPU
	EndGlobalSection
	GlobalSection(ProjectConfigurationPlatforms) = postSolution
		{D5170D1C-026C-4A24-B14B-A0A76194CDD2}.Debug|Any CPU.ActiveCfg = Debug|Any CPU
		{D5170D1C-026C-4A24-B14B-A0A76194CDD2}.Debug|Any CPU.Build.0 = Debug|Any CPU
		{D5170D1C-026C-4A24-B14B-A0A76194CDD2}.Release|Any CPU.ActiveCfg = Release|Any CPU
		{D5170D1C-026C-4A24-B14B-A0A76194CDD2}.Release|Any CPU.Build.0 = Release|Any CPU
	EndGlobalSection
	GlobalSection(SolutionProperties) = preSolution
		HideSolutionNode = FALSE
	EndGlobalSection
	GlobalSection(ExtensibilityGlobals) = postSolution
		SolutionGuid = {DCB096E9-4869-465E-B1E7-71BB91DD9830}
	EndGlobalSection
EndGlobal
