
Microsoft Visual Studio Solution File, Format Version 12.00
# Visual Studio Version 17
VisualStudioVersion = 17.4.33110.190
MinimumVisualStudioVersion = 10.0.40219.1
Project("{FAE04EC0-301F-11D3-BF4B-00C04F79EFBC}") = "Exercicios01", "Exercicios01.csproj", "{433D01BA-068B-45E5-902D-D410F3CCCFD7}"
EndProject
Project("{FAE04EC0-301F-11D3-BF4B-00C04F79EFBC}") = "Exercicios02", "..\Exercicios02\Exercicios02.csproj", "{271A5C62-AF65-426D-92A3-90F789982B9B}"
EndProject
Global
	GlobalSection(SolutionConfigurationPlatforms) = preSolution
		Debug|Any CPU = Debug|Any CPU
		Release|Any CPU = Release|Any CPU
	EndGlobalSection
	GlobalSection(ProjectConfigurationPlatforms) = postSolution
		{433D01BA-068B-45E5-902D-D410F3CCCFD7}.Debug|Any CPU.ActiveCfg = Debug|Any CPU
		{433D01BA-068B-45E5-902D-D410F3CCCFD7}.Debug|Any CPU.Build.0 = Debug|Any CPU
		{433D01BA-068B-45E5-902D-D410F3CCCFD7}.Release|Any CPU.ActiveCfg = Release|Any CPU
		{433D01BA-068B-45E5-902D-D410F3CCCFD7}.Release|Any CPU.Build.0 = Release|Any CPU
		{271A5C62-AF65-426D-92A3-90F789982B9B}.Debug|Any CPU.ActiveCfg = Debug|Any CPU
		{271A5C62-AF65-426D-92A3-90F789982B9B}.Debug|Any CPU.Build.0 = Debug|Any CPU
		{271A5C62-AF65-426D-92A3-90F789982B9B}.Release|Any CPU.ActiveCfg = Release|Any CPU
		{271A5C62-AF65-426D-92A3-90F789982B9B}.Release|Any CPU.Build.0 = Release|Any CPU
	EndGlobalSection
	GlobalSection(SolutionProperties) = preSolution
		HideSolutionNode = FALSE
	EndGlobalSection
	GlobalSection(ExtensibilityGlobals) = postSolution
		SolutionGuid = {298B35CE-C277-4861-8D26-77A660213A0B}
	EndGlobalSection
EndGlobal
