
Microsoft Visual Studio Solution File, Format Version 12.00
# Visual Studio Version 17
VisualStudioVersion = 17.4.33213.308
MinimumVisualStudioVersion = 10.0.40219.1
Project("{FAE04EC0-301F-11D3-BF4B-00C04F79EFBC}") = "Smartphone", "Smartphone.csproj", "{E710669D-8FF8-46F8-A75F-858612381615}"
EndProject
Global
	GlobalSection(SolutionConfigurationPlatforms) = preSolution
		Debug|Any CPU = Debug|Any CPU
		Release|Any CPU = Release|Any CPU
	EndGlobalSection
	GlobalSection(ProjectConfigurationPlatforms) = postSolution
		{E710669D-8FF8-46F8-A75F-858612381615}.Debug|Any CPU.ActiveCfg = Debug|Any CPU
		{E710669D-8FF8-46F8-A75F-858612381615}.Debug|Any CPU.Build.0 = Debug|Any CPU
		{E710669D-8FF8-46F8-A75F-858612381615}.Release|Any CPU.ActiveCfg = Release|Any CPU
		{E710669D-8FF8-46F8-A75F-858612381615}.Release|Any CPU.Build.0 = Release|Any CPU
	EndGlobalSection
	GlobalSection(SolutionProperties) = preSolution
		HideSolutionNode = FALSE
	EndGlobalSection
	GlobalSection(ExtensibilityGlobals) = postSolution
		SolutionGuid = {564261CA-E8A9-47CF-932D-BF57194F6EA9}
	EndGlobalSection
EndGlobal
